{
  "requires": true,
  "lockfileVersion": 1,
  "dependencies": {
    "miniprogram-api-typings": {
      "version": "2.4.1",
      "resolved": "https://registry.nlark.com/miniprogram-api-typings/download/miniprogram-api-typings-2.4.1.tgz",
      "integrity": "sha1-i2yLKBZkJ5h5VIqV3h42d89a0PQ="
    }
  }
}
